// !$*UTF8*$!
{
	archiveVersion = 1;
	classes = {
	};
	objectVersion = 56;
	objects = {

/* Begin PBXBuildFile section */
		4AD7FF922C90535A0068A719 /* _0_50App.swift in Sources */ = {isa = PBXBuildFile; fileRef = 4AD7FF912C90535A0068A719 /* _0_50App.swift */; };
		4AD7FF942C90535A0068A719 /* ContentView.swift in Sources */ = {isa = PBXBuildFile; fileRef = 4AD7FF932C90535A0068A719 /* ContentView.swift */; };
		4AD7FF962C90535B0068A719 /* Assets.xcassets in Resources */ = {isa = PBXBuildFile; fileRef = 4AD7FF952C90535B0068A719 /* Assets.xcassets */; };
		4AD7FF992C90535B0068A719 /* Preview Assets.xcassets in Resources */ = {isa = PBXBuildFile; fileRef = 4AD7FF982C90535B0068A719 /* Preview Assets.xcassets */; };
		4AD7FFA32C90535C0068A719 /* _0_50Tests.swift in Sources */ = {isa = PBXBuildFile; fileRef = 4AD7FFA22C90535C0068A719 /* _0_50Tests.swift */; };
		4AD7FFAD2C90535C0068A719 /* _0_50UITests.swift in Sources */ = {isa = PBXBuildFile; fileRef = 4AD7FFAC2C90535C0068A719 /* _0_50UITests.swift */; };
		4AD7FFAF2C90535C0068A719 /* _0_50UITestsLaunchTests.swift in Sources */ = {isa = PBXBuildFile; fileRef = 4AD7FFAE2C90535C0068A719 /* _0_50UITestsLaunchTests.swift */; };
/* End PBXBuildFile section */

/* Begin PBXContainerItemProxy section */
		4AD7FF9F2C90535C0068A719 /* PBXContainerItemProxy */ = {
			isa = PBXContainerItemProxy;
			containerPortal = 4AD7FF862C90535A0068A719 /* Project object */;
			proxyType = 1;
			remoteGlobalIDString = 4AD7FF8D2C90535A0068A719;
			remoteInfo = "90*50";
		};
		4AD7FFA92C90535C0068A719 /* PBXContainerItemProxy */ = {
			isa = PBXContainerItemProxy;
			containerPortal = 4AD7FF862C90535A0068A719 /* Project object */;
			proxyType = 1;
			remoteGlobalIDString = 4AD7FF8D2C90535A0068A719;
			remoteInfo = "90*50";
		};
/* End PBXContainerItemProxy section */

/* Begin PBXFileReference section */
		4AD7FF8E2C90535A0068A719 /* 90*50.app */ = {isa = PBXFileReference; explicitFileType = wrapper.application; includeInIndex = 0; path = "90*50.app"; sourceTree = BUILT_PRODUCTS_DIR; };
		4AD7FF912C90535A0068A719 /* _0_50App.swift */ = {isa = PBXFileReference; lastKnownFileType = sourcecode.swift; path = _0_50App.swift; sourceTree = "<group>"; };
		4AD7FF932C90535A0068A719 /* ContentView.swift */ = {isa = PBXFileReference; lastKnownFileType = sourcecode.swift; path = ContentView.swift; sourceTree = "<group>"; };
		4AD7FF952C90535B0068A719 /* Assets.xcassets */ = {isa = PBXFileReference; lastKnownFileType = folder.assetcatalog; path = Assets.xcassets; sourceTree = "<group>"; };
		4AD7FF982C90535B0068A719 /* Preview Assets.xcassets */ = {isa = PBXFileReference; lastKnownFileType = folder.assetcatalog; path = "Preview Assets.xcassets"; sourceTree = "<group>"; };
		4AD7FF9E2C90535C0068A719 /* 90*50Tests.xctest */ = {isa = PBXFileReference; explicitFileType = wrapper.cfbundle; includeInIndex = 0; path = "90*50Tests.xctest"; sourceTree = BUILT_PRODUCTS_DIR; };
		4AD7FFA22C90535C0068A719 /* _0_50Tests.swift */ = {isa = PBXFileReference; lastKnownFileType = sourcecode.swift; path = _0_50Tests.swift; sourceTree = "<group>"; };
		4AD7FFA82C90535C0068A719 /* 90*50UITests.xctest */ = {isa = PBXFileReference; explicitFileType = wrapper.cfbundle; includeInIndex = 0; path = "90*50UITests.xctest"; sourceTree = BUILT_PRODUCTS_DIR; };
		4AD7FFAC2C90535C0068A719 /* _0_50UITests.swift */ = {isa = PBXFileReference; lastKnownFileType = sourcecode.swift; path = _0_50UITests.swift; sourceTree = "<group>"; };
		4AD7FFAE2C90535C0068A719 /* _0_50UITestsLaunchTests.swift */ = {isa = PBXFileReference; lastKnownFileType = sourcecode.swift; path = _0_50UITestsLaunchTests.swift; sourceTree = "<group>"; };
/* End PBXFileReference section */

/* Begin PBXFrameworksBuildPhase section */
		4AD7FF8B2C90535A0068A719 /* Frameworks */ = {
			isa = PBXFrameworksBuildPhase;
			buildActionMask = 2147483647;
			files = (
			);
			runOnlyForDeploymentPostprocessing = 0;
		};
		4AD7FF9B2C90535C0068A719 /* Frameworks */ = {
			isa = PBXFrameworksBuildPhase;
			buildActionMask = 2147483647;
			files = (
			);
			runOnlyForDeploymentPostprocessing = 0;
		};
		4AD7FFA52C90535C0068A719 /* Frameworks */ = {
			isa = PBXFrameworksBuildPhase;
			buildActionMask = 2147483647;
			files = (
			);
			runOnlyForDeploymentPostprocessing = 0;
		};
/* End PBXFrameworksBuildPhase section */

/* Begin PBXGroup section */
		4AD7FF852C90535A0068A719 = {
			isa = PBXGroup;
			children = (
				4AD7FF902C90535A0068A719 /* 90*50 */,
				4AD7FFA12C90535C0068A719 /* 90*50Tests */,
				4AD7FFAB2C90535C0068A719 /* 90*50UITests */,
				4AD7FF8F2C90535A0068A719 /* Products */,
			);
			sourceTree = "<group>";
		};
		4AD7FF8F2C90535A0068A719 /* Products */ = {
			isa = PBXGroup;
			children = (
				4AD7FF8E2C90535A0068A719 /* 90*50.app */,
				4AD7FF9E2C90535C0068A719 /* 90*50Tests.xctest */,
				4AD7FFA82C90535C0068A719 /* 90*50UITests.xctest */,
			);
			name = Products;
			sourceTree = "<group>";
		};
		4AD7FF902C90535A0068A719 /* 90*50 */ = {
			isa = PBXGroup;
			children = (
				4AD7FF912C90535A0068A719 /* _0_50App.swift */,
				4AD7FF932C90535A0068A719 /* ContentView.swift */,
				4AD7FF952C90535B0068A719 /* Assets.xcassets */,
				4AD7FF972C90535B0068A719 /* Preview Content */,
			);
			path = "90*50";
			sourceTree = "<group>";
		};
		4AD7FF972C90535B0068A719 /* Preview Content */ = {
			isa = PBXGroup;
			children = (
				4AD7FF982C90535B0068A719 /* Preview Assets.xcassets */,
			);
			path = "Preview Content";
			sourceTree = "<group>";
		};
		4AD7FFA12C90535C0068A719 /* 90*50Tests */ = {
			isa = PBXGroup;
			children = (
				4AD7FFA22C90535C0068A719 /* _0_50Tests.swift */,
			);
			path = "90*50Tests";
			sourceTree = "<group>";
		};
		4AD7FFAB2C90535C0068A719 /* 90*50UITests */ = {
			isa = PBXGroup;
			children = (
				4AD7FFAC2C90535C0068A719 /* _0_50UITests.swift */,
				4AD7FFAE2C90535C0068A719 /* _0_50UITestsLaunchTests.swift */,
			);
			path = "90*50UITests";
			sourceTree = "<group>";
		};
/* End PBXGroup section */

/* Begin PBXNativeTarget section */
		4AD7FF8D2C90535A0068A719 /* 90*50 */ = {
			isa = PBXNativeTarget;
			buildConfigurationList = 4AD7FFB22C90535C0068A719 /* Build configuration list for PBXNativeTarget "90*50" */;
			buildPhases = (
				4AD7FF8A2C90535A0068A719 /* Sources */,
				4AD7FF8B2C90535A0068A719 /* Frameworks */,
				4AD7FF8C2C90535A0068A719 /* Resources */,
			);
			buildRules = (
			);
			dependencies = (
			);
			name = "90*50";
			productName = "90*50";
			productReference = 4AD7FF8E2C90535A0068A719 /* 90*50.app */;
			productType = "com.apple.product-type.application";
		};
		4AD7FF9D2C90535C0068A719 /* 90*50Tests */ = {
			isa = PBXNativeTarget;
			buildConfigurationList = 4AD7FFB52C90535C0068A719 /* Build configuration list for PBXNativeTarget "90*50Tests" */;
			buildPhases = (
				4AD7FF9A2C90535C0068A719 /* Sources */,
				4AD7FF9B2C90535C0068A719 /* Frameworks */,
				4AD7FF9C2C90535C0068A719 /* Resources */,
			);
			buildRules = (
			);
			dependencies = (
				4AD7FFA02C90535C0068A719 /* PBXTargetDependency */,
			);
			name = "90*50Tests";
			productName = "90*50Tests";
			productReference = 4AD7FF9E2C90535C0068A719 /* 90*50Tests.xctest */;
			productType = "com.apple.product-type.bundle.unit-test";
		};
		4AD7FFA72C90535C0068A719 /* 90*50UITests */ = {
			isa = PBXNativeTarget;
			buildConfigurationList = 4AD7FFB82C90535C0068A719 /* Build configuration list for PBXNativeTarget "90*50UITests" */;
			buildPhases = (
				4AD7FFA42C90535C0068A719 /* Sources */,
				4AD7FFA52C90535C0068A719 /* Frameworks */,
				4AD7FFA62C90535C0068A719 /* Resources */,
			);
			buildRules = (
			);
			dependencies = (
				4AD7FFAA2C90535C0068A719 /* PBXTargetDependency */,
			);
			name = "90*50UITests";
			productName = "90*50UITests";
			productReference = 4AD7FFA82C90535C0068A719 /* 90*50UITests.xctest */;
			productType = "com.apple.product-type.bundle.ui-testing";
		};
/* End PBXNativeTarget section */

/* Begin PBXProject section */
		4AD7FF862C90535A0068A719 /* Project object */ = {
			isa = PBXProject;
			attributes = {
				BuildIndependentTargetsInParallel = 1;
				LastSwiftUpdateCheck = 1540;
				LastUpgradeCheck = 1540;
				TargetAttributes = {
					4AD7FF8D2C90535A0068A719 = {
						CreatedOnToolsVersion = 15.4;
					};
					4AD7FF9D2C90535C0068A719 = {
						CreatedOnToolsVersion = 15.4;
						TestTargetID = 4AD7FF8D2C90535A0068A719;
					};
					4AD7FFA72C90535C0068A719 = {
						CreatedOnToolsVersion = 15.4;
						TestTargetID = 4AD7FF8D2C90535A0068A719;
					};
				};
			};
			buildConfigurationList = 4AD7FF892C90535A0068A719 /* Build configuration list for PBXProject "90*50" */;
			compatibilityVersion = "Xcode 14.0";
			developmentRegion = en;
			hasScannedForEncodings = 0;
			knownRegions = (
				en,
				Base,
			);
			mainGroup = 4AD7FF852C90535A0068A719;
			productRefGroup = 4AD7FF8F2C90535A0068A719 /* Products */;
			projectDirPath = "";
			projectRoot = "";
			targets = (
				4AD7FF8D2C90535A0068A719 /* 90*50 */,
				4AD7FF9D2C90535C0068A719 /* 90*50Tests */,
				4AD7FFA72C90535C0068A719 /* 90*50UITests */,
			);
		};
/* End PBXProject section */

/* Begin PBXResourcesBuildPhase section */
		4AD7FF8C2C90535A0068A719 /* Resources */ = {
			isa = PBXResourcesBuildPhase;
			buildActionMask = 2147483647;
			files = (
				4AD7FF992C90535B0068A719 /* Preview Assets.xcassets in Resources */,
				4AD7FF962C90535B0068A719 /* Assets.xcassets in Resources */,
			);
			runOnlyForDeploymentPostprocessing = 0;
		};
		4AD7FF9C2C90535C0068A719 /* Resources */ = {
			isa = PBXResourcesBuildPhase;
			buildActionMask = 2147483647;
			files = (
			);
			runOnlyForDeploymentPostprocessing = 0;
		};
		4AD7FFA62C90535C0068A719 /* Resources */ = {
			isa = PBXResourcesBuildPhase;
			buildActionMask = 2147483647;
			files = (
			);
			runOnlyForDeploymentPostprocessing = 0;
		};
/* End PBXResourcesBuildPhase section */

/* Begin PBXSourcesBuildPhase section */
		4AD7FF8A2C90535A0068A719 /* Sources */ = {
			isa = PBXSourcesBuildPhase;
			buildActionMask = 2147483647;
			files = (
				4AD7FF942C90535A0068A719 /* ContentView.swift in Sources */,
				4AD7FF922C90535A0068A719 /* _0_50App.swift in Sources */,
			);
			runOnlyForDeploymentPostprocessing = 0;
		};
		4AD7FF9A2C90535C0068A719 /* Sources */ = {
			isa = PBXSourcesBuildPhase;
			buildActionMask = 2147483647;
			files = (
				4AD7FFA32C90535C0068A719 /* _0_50Tests.swift in Sources */,
			);
			runOnlyForDeploymentPostprocessing = 0;
		};
		4AD7FFA42C90535C0068A719 /* Sources */ = {
			isa = PBXSourcesBuildPhase;
			buildActionMask = 2147483647;
			files = (
				4AD7FFAF2C90535C0068A719 /* _0_50UITestsLaunchTests.swift in Sources */,
				4AD7FFAD2C90535C0068A719 /* _0_50UITests.swift in Sources */,
			);
			runOnlyForDeploymentPostprocessing = 0;
		};
/* End PBXSourcesBuildPhase section */

/* Begin PBXTargetDependency section */
		4AD7FFA02C90535C0068A719 /* PBXTargetDependency */ = {
			isa = PBXTargetDependency;
			target = 4AD7FF8D2C90535A0068A719 /* 90*50 */;
			targetProxy = 4AD7FF9F2C90535C0068A719 /* PBXContainerItemProxy */;
		};
		4AD7FFAA2C90535C0068A719 /* PBXTargetDependency */ = {
			isa = PBXTargetDependency;
			target = 4AD7FF8D2C90535A0068A719 /* 90*50 */;
			targetProxy = 4AD7FFA92C90535C0068A719 /* PBXContainerItemProxy */;
		};
/* End PBXTargetDependency section */

/* Begin XCBuildConfiguration section */
		4AD7FFB02C90535C0068A719 /* Debug */ = {
			isa = XCBuildConfiguration;
			buildSettings = {
				ALWAYS_SEARCH_USER_PATHS = NO;
				ASSETCATALOG_COMPILER_GENERATE_SWIFT_ASSET_SYMBOL_EXTENSIONS = YES;
				CLANG_ANALYZER_NONNULL = YES;
				CLANG_ANALYZER_NUMBER_OBJECT_CONVERSION = YES_AGGRESSIVE;
				CLANG_CXX_LANGUAGE_STANDARD = "gnu++20";
				CLANG_ENABLE_MODULES = YES;
				CLANG_ENABLE_OBJC_ARC = YES;
				CLANG_ENABLE_OBJC_WEAK = YES;
				CLANG_WARN_BLOCK_CAPTURE_AUTORELEASING = YES;
				CLANG_WARN_BOOL_CONVERSION = YES;
				CLANG_WARN_COMMA = YES;
				CLANG_WARN_CONSTANT_CONVERSION = YES;
				CLANG_WARN_DEPRECATED_OBJC_IMPLEMENTATIONS = YES;
				CLANG_WARN_DIRECT_OBJC_ISA_USAGE = YES_ERROR;
				CLANG_WARN_DOCUMENTATION_COMMENTS = YES;
				CLANG_WARN_EMPTY_BODY = YES;
				CLANG_WARN_ENUM_CONVERSION = YES;
				CLANG_WARN_INFINITE_RECURSION = YES;
				CLANG_WARN_INT_CONVERSION = YES;
				CLANG_WARN_NON_LITERAL_NULL_CONVERSION = YES;
				CLANG_WARN_OBJC_IMPLICIT_RETAIN_SELF = YES;
				CLANG_WARN_OBJC_LITERAL_CONVERSION = YES;
				CLANG_WARN_OBJC_ROOT_CLASS = YES_ERROR;
				CLANG_WARN_QUOTED_INCLUDE_IN_FRAMEWORK_HEADER = YES;
				CLANG_WARN_RANGE_LOOP_ANALYSIS = YES;
				CLANG_WARN_STRICT_PROTOTYPES = YES;
				CLANG_WARN_SUSPICIOUS_MOVE = YES;
				CLANG_WARN_UNGUARDED_AVAILABILITY = YES_AGGRESSIVE;
				CLANG_WARN_UNREACHABLE_CODE = YES;
				CLANG_WARN__DUPLICATE_METHOD_MATCH = YES;
				COPY_PHASE_STRIP = NO;
				DEBUG_INFORMATION_FORMAT = dwarf;
				ENABLE_STRICT_OBJC_MSGSEND = YES;
				ENABLE_TESTABILITY = YES;
				ENABLE_USER_SCRIPT_SANDBOXING = YES;
				GCC_C_LANGUAGE_STANDARD = gnu17;
				GCC_DYNAMIC_NO_PIC = NO;
				GCC_NO_COMMON_BLOCKS = YES;
				GCC_OPTIMIZATION_LEVEL = 0;
				GCC_PREPROCESSOR_DEFINITIONS = (
					"DEBUG=1",
					"$(inherited)",
				);
				GCC_WARN_64_TO_32_BIT_CONVERSION = YES;
				GCC_WARN_ABOUT_RETURN_TYPE = YES_ERROR;
				GCC_WARN_UNDECLARED_SELECTOR = YES;
				GCC_WARN_UNINITIALIZED_AUTOS = YES_AGGRESSIVE;
				GCC_WARN_UNUSED_FUNCTION = YES;
				GCC_WARN_UNUSED_VARIABLE = YES;
				IPHONEOS_DEPLOYMENT_TARGET = 17.5;
				LOCALIZATION_PREFERS_STRING_CATALOGS = YES;
				MTL_ENABLE_DEBUG_INFO = INCLUDE_SOURCE;
				MTL_FAST_MATH = YES;
				ONLY_ACTIVE_ARCH = YES;
				SDKROOT = iphoneos;
				SWIFT_ACTIVE_COMPILATION_CONDITIONS = "DEBUG $(inherited)";
				SWIFT_OPTIMIZATION_LEVEL = "-Onone";
			};
			name = Debug;
		};
		4AD7FFB12C90535C0068A719 /* Release */ = {
			isa = XCBuildConfiguration;
			buildSettings = {
				ALWAYS_SEARCH_USER_PATHS = NO;
				ASSETCATALOG_COMPILER_GENERATE_SWIFT_ASSET_SYMBOL_EXTENSIONS = YES;
				CLANG_ANALYZER_NONNULL = YES;
				CLANG_ANALYZER_NUMBER_OBJECT_CONVERSION = YES_AGGRESSIVE;
				CLANG_CXX_LANGUAGE_STANDARD = "gnu++20";
				CLANG_ENABLE_MODULES = YES;
				CLANG_ENABLE_OBJC_ARC = YES;
				CLANG_ENABLE_OBJC_WEAK = YES;
				CLANG_WARN_BLOCK_CAPTURE_AUTORELEASING = YES;
				CLANG_WARN_BOOL_CONVERSION = YES;
				CLANG_WARN_COMMA = YES;
				CLANG_WARN_CONSTANT_CONVERSION = YES;
				CLANG_WARN_DEPRECATED_OBJC_IMPLEMENTATIONS = YES;
				CLANG_WARN_DIRECT_OBJC_ISA_USAGE = YES_ERROR;
				CLANG_WARN_DOCUMENTATION_COMMENTS = YES;
				CLANG_WARN_EMPTY_BODY = YES;
				CLANG_WARN_ENUM_CONVERSION = YES;
				CLANG_WARN_INFINITE_RECURSION = YES;
				CLANG_WARN_INT_CONVERSION = YES;
				CLANG_WARN_NON_LITERAL_NULL_CONVERSION = YES;
				CLANG_WARN_OBJC_IMPLICIT_RETAIN_SELF = YES;
				CLANG_WARN_OBJC_LITERAL_CONVERSION = YES;
				CLANG_WARN_OBJC_ROOT_CLASS = YES_ERROR;
				CLANG_WARN_QUOTED_INCLUDE_IN_FRAMEWORK_HEADER = YES;
				CLANG_WARN_RANGE_LOOP_ANALYSIS = YES;
				CLANG_WARN_STRICT_PROTOTYPES = YES;
				CLANG_WARN_SUSPICIOUS_MOVE = YES;
				CLANG_WARN_UNGUARDED_AVAILABILITY = YES_AGGRESSIVE;
				CLANG_WARN_UNREACHABLE_CODE = YES;
				CLANG_WARN__DUPLICATE_METHOD_MATCH = YES;
				COPY_PHASE_STRIP = NO;
				DEBUG_INFORMATION_FORMAT = "dwarf-with-dsym";
				ENABLE_NS_ASSERTIONS = NO;
				ENABLE_STRICT_OBJC_MSGSEND = YES;
				ENABLE_USER_SCRIPT_SANDBOXING = YES;
				GCC_C_LANGUAGE_STANDARD = gnu17;
				GCC_NO_COMMON_BLOCKS = YES;
				GCC_WARN_64_TO_32_BIT_CONVERSION = YES;
				GCC_WARN_ABOUT_RETURN_TYPE = YES_ERROR;
				GCC_WARN_UNDECLARED_SELECTOR = YES;
				GCC_WARN_UNINITIALIZED_AUTOS = YES_AGGRESSIVE;
				GCC_WARN_UNUSED_FUNCTION = YES;
				GCC_WARN_UNUSED_VARIABLE = YES;
				IPHONEOS_DEPLOYMENT_TARGET = 17.5;
				LOCALIZATION_PREFERS_STRING_CATALOGS = YES;
				MTL_ENABLE_DEBUG_INFO = NO;
				MTL_FAST_MATH = YES;
				SDKROOT = iphoneos;
				SWIFT_COMPILATION_MODE = wholemodule;
				VALIDATE_PRODUCT = YES;
			};
			name = Release;
		};
		4AD7FFB32C90535C0068A719 /* Debug */ = {
			isa = XCBuildConfiguration;
			buildSettings = {
				ASSETCATALOG_COMPILER_APPICON_NAME = AppIcon;
				ASSETCATALOG_COMPILER_GLOBAL_ACCENT_COLOR_NAME = AccentColor;
				CODE_SIGN_STYLE = Automatic;
				CURRENT_PROJECT_VERSION = 1;
				DEVELOPMENT_ASSET_PATHS = "\"90*50/Preview Content\"";
				DEVELOPMENT_TEAM = 4MU6QM22C8;
				ENABLE_PREVIEWS = YES;
				GENERATE_INFOPLIST_FILE = YES;
				INFOPLIST_KEY_UIApplicationSceneManifest_Generation = YES;
				INFOPLIST_KEY_UIApplicationSupportsIndirectInputEvents = YES;
				INFOPLIST_KEY_UILaunchScreen_Generation = YES;
				INFOPLIST_KEY_UISupportedInterfaceOrientations_iPad = "UIInterfaceOrientationPortrait UIInterfaceOrientationPortraitUpsideDown UIInterfaceOrientationLandscapeLeft UIInterfaceOrientationLandscapeRight";
				INFOPLIST_KEY_UISupportedInterfaceOrientations_iPhone = "UIInterfaceOrientationPortrait UIInterfaceOrientationLandscapeLeft UIInterfaceOrientationLandscapeRight";
				LD_RUNPATH_SEARCH_PATHS = (
					"$(inherited)",
					"@executable_path/Frameworks",
				);
				MARKETING_VERSION = 1.0;
				PRODUCT_BUNDLE_IDENTIFIER = "com.bluemoon.90-50.-0-50";
				PRODUCT_NAME = "$(TARGET_NAME)";
				SWIFT_EMIT_LOC_STRINGS = YES;
				SWIFT_VERSION = 5.0;
				TARGETED_DEVICE_FAMILY = "1,2";
			};
			name = Debug;
		};
		4AD7FFB42C90535C0068A719 /* Release */ = {
			isa = XCBuildConfiguration;
			buildSettings = {
				ASSETCATALOG_COMPILER_APPICON_NAME = AppIcon;
				ASSETCATALOG_COMPILER_GLOBAL_ACCENT_COLOR_NAME = AccentColor;
				CODE_SIGN_STYLE = Automatic;
				CURRENT_PROJECT_VERSION = 1;
				DEVELOPMENT_ASSET_PATHS = "\"90*50/Preview Content\"";
				DEVELOPMENT_TEAM = 4MU6QM22C8;
				ENABLE_PREVIEWS = YES;
				GENERATE_INFOPLIST_FILE = YES;
				INFOPLIST_KEY_UIApplicationSceneManifest_Generation = YES;
				INFOPLIST_KEY_UIApplicationSupportsIndirectInputEvents = YES;
				INFOPLIST_KEY_UILaunchScreen_Generation = YES;
				INFOPLIST_KEY_UISupportedInterfaceOrientations_iPad = "UIInterfaceOrientationPortrait UIInterfaceOrientationPortraitUpsideDown UIInterfaceOrientationLandscapeLeft UIInterfaceOrientationLandscapeRight";
				INFOPLIST_KEY_UISupportedInterfaceOrientations_iPhone = "UIInterfaceOrientationPortrait UIInterfaceOrientationLandscapeLeft UIInterfaceOrientationLandscapeRight";
				LD_RUNPATH_SEARCH_PATHS = (
					"$(inherited)",
					"@executable_path/Frameworks",
				);
				MARKETING_VERSION = 1.0;
				PRODUCT_BUNDLE_IDENTIFIER = "com.bluemoon.90-50.-0-50";
				PRODUCT_NAME = "$(TARGET_NAME)";
				SWIFT_EMIT_LOC_STRINGS = YES;
				SWIFT_VERSION = 5.0;
				TARGETED_DEVICE_FAMILY = "1,2";
			};
			name = Release;
		};
		4AD7FFB62C90535C0068A719 /* Debug */ = {
			isa = XCBuildConfiguration;
			buildSettings = {
				ALWAYS_EMBED_SWIFT_STANDARD_LIBRARIES = YES;
				BUNDLE_LOADER = "$(TEST_HOST)";
				CODE_SIGN_STYLE = Automatic;
				CURRENT_PROJECT_VERSION = 1;
				DEVELOPMENT_TEAM = 4MU6QM22C8;
				GENERATE_INFOPLIST_FILE = YES;
				IPHONEOS_DEPLOYMENT_TARGET = 17.5;
				MARKETING_VERSION = 1.0;
				PRODUCT_BUNDLE_IDENTIFIER = "com.bluemoon.90-50.-0-50Tests";
				PRODUCT_NAME = "$(TARGET_NAME)";
				SWIFT_EMIT_LOC_STRINGS = NO;
				SWIFT_VERSION = 5.0;
				TARGETED_DEVICE_FAMILY = "1,2";
				TEST_HOST = "$(BUILT_PRODUCTS_DIR)/90*50.app/$(BUNDLE_EXECUTABLE_FOLDER_PATH)/90*50";
			};
			name = Debug;
		};
		4AD7FFB72C90535C0068A719 /* Release */ = {
			isa = XCBuildConfiguration;
			buildSettings = {
				ALWAYS_EMBED_SWIFT_STANDARD_LIBRARIES = YES;
				BUNDLE_LOADER = "$(TEST_HOST)";
				CODE_SIGN_STYLE = Automatic;
				CURRENT_PROJECT_VERSION = 1;
				DEVELOPMENT_TEAM = 4MU6QM22C8;
				GENERATE_INFOPLIST_FILE = YES;
				IPHONEOS_DEPLOYMENT_TARGET = 17.5;
				MARKETING_VERSION = 1.0;
				PRODUCT_BUNDLE_IDENTIFIER = "com.bluemoon.90-50.-0-50Tests";
				PRODUCT_NAME = "$(TARGET_NAME)";
				SWIFT_EMIT_LOC_STRINGS = NO;
				SWIFT_VERSION = 5.0;
				TARGETED_DEVICE_FAMILY = "1,2";
				TEST_HOST = "$(BUILT_PRODUCTS_DIR)/90*50.app/$(BUNDLE_EXECUTABLE_FOLDER_PATH)/90*50";
			};
			name = Release;
		};
		4AD7FFB92C90535C0068A719 /* Debug */ = {
			isa = XCBuildConfiguration;
			buildSettings = {
				ALWAYS_EMBED_SWIFT_STANDARD_LIBRARIES = YES;
				CODE_SIGN_STYLE = Automatic;
				CURRENT_PROJECT_VERSION = 1;
				DEVELOPMENT_TEAM = 4MU6QM22C8;
				GENERATE_INFOPLIST_FILE = YES;
				MARKETING_VERSION = 1.0;
				PRODUCT_BUNDLE_IDENTIFIER = "com.bluemoon.90-50.-0-50UITests";
				PRODUCT_NAME = "$(TARGET_NAME)";
				SWIFT_EMIT_LOC_STRINGS = NO;
				SWIFT_VERSION = 5.0;
				TARGETED_DEVICE_FAMILY = "1,2";
				TEST_TARGET_NAME = "90*50";
			};
			name = Debug;
		};
		4AD7FFBA2C90535C0068A719 /* Release */ = {
			isa = XCBuildConfiguration;
			buildSettings = {
				ALWAYS_EMBED_SWIFT_STANDARD_LIBRARIES = YES;
				CODE_SIGN_STYLE = Automatic;
				CURRENT_PROJECT_VERSION = 1;
				DEVELOPMENT_TEAM = 4MU6QM22C8;
				GENERATE_INFOPLIST_FILE = YES;
				MARKETING_VERSION = 1.0;
				PRODUCT_BUNDLE_IDENTIFIER = "com.bluemoon.90-50.-0-50UITests";
				PRODUCT_NAME = "$(TARGET_NAME)";
				SWIFT_EMIT_LOC_STRINGS = NO;
				SWIFT_VERSION = 5.0;
				TARGETED_DEVICE_FAMILY = "1,2";
				TEST_TARGET_NAME = "90*50";
			};
			name = Release;
		};
/* End XCBuildConfiguration section */

/* Begin XCConfigurationList section */
		4AD7FF892C90535A0068A719 /* Build configuration list for PBXProject "90*50" */ = {
			isa = XCConfigurationList;
			buildConfigurations = (
				4AD7FFB02C90535C0068A719 /* Debug */,
				4AD7FFB12C90535C0068A719 /* Release */,
			);
			defaultConfigurationIsVisible = 0;
			defaultConfigurationName = Release;
		};
		4AD7FFB22C90535C0068A719 /* Build configuration list for PBXNativeTarget "90*50" */ = {
			isa = XCConfigurationList;
			buildConfigurations = (
				4AD7FFB32C90535C0068A719 /* Debug */,
				4AD7FFB42C90535C0068A719 /* Release */,
			);
			defaultConfigurationIsVisible = 0;
			defaultConfigurationName = Release;
		};
		4AD7FFB52C90535C0068A719 /* Build configuration list for PBXNativeTarget "90*50Tests" */ = {
			isa = XCConfigurationList;
			buildConfigurations = (
				4AD7FFB62C90535C0068A719 /* Debug */,
				4AD7FFB72C90535C0068A719 /* Release */,
			);
			defaultConfigurationIsVisible = 0;
			defaultConfigurationName = Release;
		};
		4AD7FFB82C90535C0068A719 /* Build configuration list for PBXNativeTarget "90*50UITests" */ = {
			isa = XCConfigurationList;
			buildConfigurations = (
				4AD7FFB92C90535C0068A719 /* Debug */,
				4AD7FFBA2C90535C0068A719 /* Release */,
			);
			defaultConfigurationIsVisible = 0;
			defaultConfigurationName = Release;
		};
/* End XCConfigurationList section */
	};
	rootObject = 4AD7FF862C90535A0068A719 /* Project object */;
}
